
Microsoft Visual Studio Solution File, Format Version 12.00
# Visual Studio Version 16
VisualStudioVersion = 16.0.30804.86
MinimumVisualStudioVersion = 10.0.40219.1
Project("{9A19103F-16F7-4668-BE54-9A1E7A4F7556}") = "Microsoft.Dynamics365.UIAutomation.Browser.Net5", "Microsoft.Dynamics365.UIAutomation.Browser.Net5\Microsoft.Dynamics365.UIAutomation.Browser.Net5.csproj", "{74FA3AAB-FF74-43C3-87FA-BBF4E4DDC4EE}"
EndProject
Project("{9A19103F-16F7-4668-BE54-9A1E7A4F7556}") = "Microsoft.Dynamics365.UIAutomation.Tests.Net5", "Microsoft.Dynamics365.UIAutomation.Tests.Net5\Microsoft.Dynamics365.UIAutomation.Tests.Net5.csproj", "{54AB4B01-9718-478C-B064-40F20B5DD7CC}"
EndProject
Global
	GlobalSection(SolutionConfigurationPlatforms) = preSolution
		Debug|Any CPU = Debug|Any CPU
		Release|Any CPU = Release|Any CPU
		UnitTest|Any CPU = UnitTest|Any CPU
	EndGlobalSection
	GlobalSection(ProjectConfigurationPlatforms) = postSolution
		{74FA3AAB-FF74-43C3-87FA-BBF4E4DDC4EE}.Debug|Any CPU.ActiveCfg = Debug|Any CPU
		{74FA3AAB-FF74-43C3-87FA-BBF4E4DDC4EE}.Debug|Any CPU.Build.0 = Debug|Any CPU
		{74FA3AAB-FF74-43C3-87FA-BBF4E4DDC4EE}.Release|Any CPU.ActiveCfg = Release|Any CPU
		{74FA3AAB-FF74-43C3-87FA-BBF4E4DDC4EE}.Release|Any CPU.Build.0 = Release|Any CPU
		{74FA3AAB-FF74-43C3-87FA-BBF4E4DDC4EE}.UnitTest|Any CPU.ActiveCfg = Debug|Any CPU
		{74FA3AAB-FF74-43C3-87FA-BBF4E4DDC4EE}.UnitTest|Any CPU.Build.0 = Debug|Any CPU
		{54AB4B01-9718-478C-B064-40F20B5DD7CC}.Debug|Any CPU.ActiveCfg = Debug|Any CPU
		{54AB4B01-9718-478C-B064-40F20B5DD7CC}.Debug|Any CPU.Build.0 = Debug|Any CPU
		{54AB4B01-9718-478C-B064-40F20B5DD7CC}.Release|Any CPU.ActiveCfg = Release|Any CPU
		{54AB4B01-9718-478C-B064-40F20B5DD7CC}.Release|Any CPU.Build.0 = Release|Any CPU
		{54AB4B01-9718-478C-B064-40F20B5DD7CC}.UnitTest|Any CPU.ActiveCfg = Debug|Any CPU
		{54AB4B01-9718-478C-B064-40F20B5DD7CC}.UnitTest|Any CPU.Build.0 = Debug|Any CPU
	EndGlobalSection
	GlobalSection(SolutionProperties) = preSolution
		HideSolutionNode = FALSE
	EndGlobalSection
	GlobalSection(ExtensibilityGlobals) = postSolution
		SolutionGuid = {196649AD-9E46-48BA-A530-D46DDA987A57}
	EndGlobalSection
EndGlobal
